// !$*UTF8*$!
{
	archiveVersion = 1;
	classes = {
	};
	objectVersion = 51;
	objects = {

/* Begin PBXBuildFile section */
		69ACB99A1E9A87FE00A2F8CF /* AppDelegate.swift in Sources */ = {isa = PBXBuildFile; fileRef = 69ACB9991E9A87FE00A2F8CF /* AppDelegate.swift */; };
		69ACB99C1E9A87FE00A2F8CF /* ViewController.swift in Sources */ = {isa = PBXBuildFile; fileRef = 69ACB99B1E9A87FE00A2F8CF /* ViewController.swift */; };
		69ACB99F1E9A87FE00A2F8CF /* Main.storyboard in Resources */ = {isa = PBXBuildFile; fileRef = 69ACB99D1E9A87FE00A2F8CF /* Main.storyboard */; };
		69ACB9A11E9A87FF00A2F8CF /* Assets.xcassets in Resources */ = {isa = PBXBuildFile; fileRef = 69ACB9A01E9A87FF00A2F8CF /* Assets.xcassets */; };
/* End PBXBuildFile section */

/* Begin PBXFileReference section */
		69ACB9961E9A87FE00A2F8CF /* hello-tvos.app */ = {isa = PBXFileReference; explicitFileType = wrapper.application; includeInIndex = 0; path = "hello-tvos.app"; sourceTree = BUILT_PRODUCTS_DIR; };
		69ACB9991E9A87FE00A2F8CF /* AppDelegate.swift */ = {isa = PBXFileReference; lastKnownFileType = sourcecode.swift; path = AppDelegate.swift; sourceTree = "<group>"; };
		69ACB99B1E9A87FE00A2F8CF /* ViewController.swift */ = {isa = PBXFileReference; lastKnownFileType = sourcecode.swift; path = ViewController.swift; sourceTree = "<group>"; };
		69ACB99E1E9A87FE00A2F8CF /* Base */ = {isa = PBXFileReference; lastKnownFileType = file.storyboard; name = Base; path = Base.lproj/Main.storyboard; sourceTree = "<group>"; };
		69ACB9A01E9A87FF00A2F8CF /* Assets.xcassets */ = {isa = PBXFileReference; lastKnownFileType = folder.assetcatalog; path = Assets.xcassets; sourceTree = "<group>"; };
		69ACB9A21E9A87FF00A2F8CF /* Info.plist */ = {isa = PBXFileReference; lastKnownFileType = text.plist.xml; path = Info.plist; sourceTree = "<group>"; };
		B46C1C6924CB561200283630 /* carthage-input.xcfilelist */ = {isa = PBXFileReference; lastKnownFileType = text.xcfilelist; path = "carthage-input.xcfilelist"; sourceTree = "<group>"; };
		B46C1C6A24CB561F00283630 /* carthage-output.xcfilelist */ = {isa = PBXFileReference; lastKnownFileType = text.xcfilelist; path = "carthage-output.xcfilelist"; sourceTree = "<group>"; };
/* End PBXFileReference section */

/* Begin PBXFrameworksBuildPhase section */
		69ACB9931E9A87FE00A2F8CF /* Frameworks */ = {
			isa = PBXFrameworksBuildPhase;
			buildActionMask = 2147483647;
			files = (
			);
			runOnlyForDeploymentPostprocessing = 0;
		};
/* End PBXFrameworksBuildPhase section */

/* Begin PBXGroup section */
		69ACB98D1E9A87FE00A2F8CF = {
			isa = PBXGroup;
			children = (
				B46C1C6824CB55EF00283630 /* Support */,
				69ACB9981E9A87FE00A2F8CF /* hello-tvos */,
				69ACB9971E9A87FE00A2F8CF /* Products */,
				B46C1C6024CB55B400283630 /* Frameworks */,
			);
			sourceTree = "<group>";
		};
		69ACB9971E9A87FE00A2F8CF /* Products */ = {
			isa = PBXGroup;
			children = (
				69ACB9961E9A87FE00A2F8CF /* hello-tvos.app */,
			);
			name = Products;
			sourceTree = "<group>";
		};
		69ACB9981E9A87FE00A2F8CF /* hello-tvos */ = {
			isa = PBXGroup;
			children = (
				69ACB9991E9A87FE00A2F8CF /* AppDelegate.swift */,
				69ACB99B1E9A87FE00A2F8CF /* ViewController.swift */,
				69ACB99D1E9A87FE00A2F8CF /* Main.storyboard */,
				69ACB9A01E9A87FF00A2F8CF /* Assets.xcassets */,
				69ACB9A21E9A87FF00A2F8CF /* Info.plist */,
			);
			path = "hello-tvos";
			sourceTree = "<group>";
		};
		B46C1C6024CB55B400283630 /* Frameworks */ = {
			isa = PBXGroup;
			children = (
			);
			name = Frameworks;
			sourceTree = "<group>";
		};
		B46C1C6824CB55EF00283630 /* Support */ = {
			isa = PBXGroup;
			children = (
				B46C1C6924CB561200283630 /* carthage-input.xcfilelist */,
				B46C1C6A24CB561F00283630 /* carthage-output.xcfilelist */,
			);
			path = Support;
			sourceTree = "<group>";
		};
/* End PBXGroup section */

/* Begin PBXNativeTarget section */
		69ACB9951E9A87FE00A2F8CF /* hello-tvos */ = {
			isa = PBXNativeTarget;
			buildConfigurationList = 69ACB9B01E9A87FF00A2F8CF /* Build configuration list for PBXNativeTarget "hello-tvos" */;
			buildPhases = (
				B46C1C6724CB55C800283630 /* Carthage copy-frameworks */,
				69ACB9921E9A87FE00A2F8CF /* Sources */,
				69ACB9931E9A87FE00A2F8CF /* Frameworks */,
				69ACB9941E9A87FE00A2F8CF /* Resources */,
			);
			buildRules = (
			);
			dependencies = (
			);
			name = "hello-tvos";
			productName = "hello-tvos";
			productReference = 69ACB9961E9A87FE00A2F8CF /* hello-tvos.app */;
			productType = "com.apple.product-type.application";
		};
/* End PBXNativeTarget section */

/* Begin PBXProject section */
		69ACB98E1E9A87FE00A2F8CF /* Project object */ = {
			isa = PBXProject;
			attributes = {
				LastSwiftUpdateCheck = 0830;
				LastUpgradeCheck = 0940;
				ORGANIZATIONNAME = LaunchDarkly;
				TargetAttributes = {
					69ACB9951E9A87FE00A2F8CF = {
						CreatedOnToolsVersion = 8.3;
						LastSwiftMigration = 0900;
						ProvisioningStyle = Automatic;
					};
				};
			};
			buildConfigurationList = 69ACB9911E9A87FE00A2F8CF /* Build configuration list for PBXProject "hello-tvos" */;
			compatibilityVersion = "Xcode 3.2";
			developmentRegion = English;
			hasScannedForEncodings = 0;
			knownRegions = (
				English,
				en,
				Base,
			);
			mainGroup = 69ACB98D1E9A87FE00A2F8CF;
			productRefGroup = 69ACB9971E9A87FE00A2F8CF /* Products */;
			projectDirPath = "";
			projectRoot = "";
			targets = (
				69ACB9951E9A87FE00A2F8CF /* hello-tvos */,
			);
		};
/* End PBXProject section */

/* Begin PBXResourcesBuildPhase section */
		69ACB9941E9A87FE00A2F8CF /* Resources */ = {
			isa = PBXResourcesBuildPhase;
			buildActionMask = 2147483647;
			files = (
				69ACB9A11E9A87FF00A2F8CF /* Assets.xcassets in Resources */,
				69ACB99F1E9A87FE00A2F8CF /* Main.storyboard in Resources */,
			);
			runOnlyForDeploymentPostprocessing = 0;
		};
/* End PBXResourcesBuildPhase section */

/* Begin PBXShellScriptBuildPhase section */
		B46C1C6724CB55C800283630 /* Carthage copy-frameworks */ = {
			isa = PBXShellScriptBuildPhase;
			buildActionMask = 2147483647;
			files = (
			);
			inputFileListPaths = (
				"$(SRCROOT)/Support/carthage-input.xcfilelist",
			);
			inputPaths = (
			);
			name = "Carthage copy-frameworks";
			outputFileListPaths = (
				"$(SRCROOT)/Support/carthage-output.xcfilelist",
			);
			outputPaths = (
			);
			runOnlyForDeploymentPostprocessing = 0;
			shellPath = /bin/bash;
			shellScript = "/usr/local/bin/carthage copy-frameworks\n";
			showEnvVarsInLog = 0;
		};
/* End PBXShellScriptBuildPhase section */

/* Begin PBXSourcesBuildPhase section */
		69ACB9921E9A87FE00A2F8CF /* Sources */ = {
			isa = PBXSourcesBuildPhase;
			buildActionMask = 2147483647;
			files = (
				69ACB99C1E9A87FE00A2F8CF /* ViewController.swift in Sources */,
				69ACB99A1E9A87FE00A2F8CF /* AppDelegate.swift in Sources */,
			);
			runOnlyForDeploymentPostprocessing = 0;
		};
/* End PBXSourcesBuildPhase section */

/* Begin PBXVariantGroup section */
		69ACB99D1E9A87FE00A2F8CF /* Main.storyboard */ = {
			isa = PBXVariantGroup;
			children = (
				69ACB99E1E9A87FE00A2F8CF /* Base */,
			);
			name = Main.storyboard;
			sourceTree = "<group>";
		};
/* End PBXVariantGroup section */

/* Begin XCBuildConfiguration section */
		69ACB9AE1E9A87FF00A2F8CF /* Debug */ = {
			isa = XCBuildConfiguration;
			buildSettings = {
				ALWAYS_SEARCH_USER_PATHS = NO;
				CLANG_ANALYZER_NONNULL = YES;
				CLANG_ANALYZER_NUMBER_OBJECT_CONVERSION = YES_AGGRESSIVE;
				CLANG_CXX_LANGUAGE_STANDARD = "gnu++0x";
				CLANG_CXX_LIBRARY = "libc++";
				CLANG_ENABLE_MODULES = YES;
				CLANG_ENABLE_OBJC_ARC = YES;
				CLANG_WARN_BLOCK_CAPTURE_AUTORELEASING = YES;
				CLANG_WARN_BOOL_CONVERSION = YES;
				CLANG_WARN_COMMA = YES;
				CLANG_WARN_CONSTANT_CONVERSION = YES;
				CLANG_WARN_DEPRECATED_OBJC_IMPLEMENTATIONS = YES;
				CLANG_WARN_DIRECT_OBJC_ISA_USAGE = YES_ERROR;
				CLANG_WARN_DOCUMENTATION_COMMENTS = YES;
				CLANG_WARN_EMPTY_BODY = YES;
				CLANG_WARN_ENUM_CONVERSION = YES;
				CLANG_WARN_INFINITE_RECURSION = YES;
				CLANG_WARN_INT_CONVERSION = YES;
				CLANG_WARN_NON_LITERAL_NULL_CONVERSION = YES;
				CLANG_WARN_OBJC_IMPLICIT_RETAIN_SELF = YES;
				CLANG_WARN_OBJC_LITERAL_CONVERSION = YES;
				CLANG_WARN_OBJC_ROOT_CLASS = YES_ERROR;
				CLANG_WARN_RANGE_LOOP_ANALYSIS = YES;
				CLANG_WARN_STRICT_PROTOTYPES = YES;
				CLANG_WARN_SUSPICIOUS_MOVE = YES;
				CLANG_WARN_UNREACHABLE_CODE = YES;
				CLANG_WARN__DUPLICATE_METHOD_MATCH = YES;
				COPY_PHASE_STRIP = NO;
				DEBUG_INFORMATION_FORMAT = dwarf;
				ENABLE_STRICT_OBJC_MSGSEND = YES;
				ENABLE_TESTABILITY = YES;
				GCC_C_LANGUAGE_STANDARD = gnu99;
				GCC_DYNAMIC_NO_PIC = NO;
				GCC_NO_COMMON_BLOCKS = YES;
				GCC_OPTIMIZATION_LEVEL = 0;
				GCC_PREPROCESSOR_DEFINITIONS = (
					"DEBUG=1",
					"$(inherited)",
				);
				GCC_WARN_64_TO_32_BIT_CONVERSION = YES;
				GCC_WARN_ABOUT_RETURN_TYPE = YES_ERROR;
				GCC_WARN_UNDECLARED_SELECTOR = YES;
				GCC_WARN_UNINITIALIZED_AUTOS = YES_AGGRESSIVE;
				GCC_WARN_UNUSED_FUNCTION = YES;
				GCC_WARN_UNUSED_VARIABLE = YES;
				MTL_ENABLE_DEBUG_INFO = YES;
				ONLY_ACTIVE_ARCH = YES;
				SDKROOT = appletvos;
				SWIFT_ACTIVE_COMPILATION_CONDITIONS = DEBUG;
				SWIFT_OPTIMIZATION_LEVEL = "-Onone";
				TARGETED_DEVICE_FAMILY = 3;
				TVOS_DEPLOYMENT_TARGET = 10.0;
			};
			name = Debug;
		};
		69ACB9AF1E9A87FF00A2F8CF /* Release */ = {
			isa = XCBuildConfiguration;
			buildSettings = {
				ALWAYS_SEARCH_USER_PATHS = NO;
				CLANG_ANALYZER_NONNULL = YES;
				CLANG_ANALYZER_NUMBER_OBJECT_CONVERSION = YES_AGGRESSIVE;
				CLANG_CXX_LANGUAGE_STANDARD = "gnu++0x";
				CLANG_CXX_LIBRARY = "libc++";
				CLANG_ENABLE_MODULES = YES;
				CLANG_ENABLE_OBJC_ARC = YES;
				CLANG_WARN_BLOCK_CAPTURE_AUTORELEASING = YES;
				CLANG_WARN_BOOL_CONVERSION = YES;
				CLANG_WARN_COMMA = YES;
				CLANG_WARN_CONSTANT_CONVERSION = YES;
				CLANG_WARN_DEPRECATED_OBJC_IMPLEMENTATIONS = YES;
				CLANG_WARN_DIRECT_OBJC_ISA_USAGE = YES_ERROR;
				CLANG_WARN_DOCUMENTATION_COMMENTS = YES;
				CLANG_WARN_EMPTY_BODY = YES;
				CLANG_WARN_ENUM_CONVERSION = YES;
				CLANG_WARN_INFINITE_RECURSION = YES;
				CLANG_WARN_INT_CONVERSION = YES;
				CLANG_WARN_NON_LITERAL_NULL_CONVERSION = YES;
				CLANG_WARN_OBJC_IMPLICIT_RETAIN_SELF = YES;
				CLANG_WARN_OBJC_LITERAL_CONVERSION = YES;
				CLANG_WARN_OBJC_ROOT_CLASS = YES_ERROR;
				CLANG_WARN_RANGE_LOOP_ANALYSIS = YES;
				CLANG_WARN_STRICT_PROTOTYPES = YES;
				CLANG_WARN_SUSPICIOUS_MOVE = YES;
				CLANG_WARN_UNREACHABLE_CODE = YES;
				CLANG_WARN__DUPLICATE_METHOD_MATCH = YES;
				COPY_PHASE_STRIP = NO;
				DEBUG_INFORMATION_FORMAT = "dwarf-with-dsym";
				ENABLE_NS_ASSERTIONS = NO;
				ENABLE_STRICT_OBJC_MSGSEND = YES;
				GCC_C_LANGUAGE_STANDARD = gnu99;
				GCC_NO_COMMON_BLOCKS = YES;
				GCC_WARN_64_TO_32_BIT_CONVERSION = YES;
				GCC_WARN_ABOUT_RETURN_TYPE = YES_ERROR;
				GCC_WARN_UNDECLARED_SELECTOR = YES;
				GCC_WARN_UNINITIALIZED_AUTOS = YES_AGGRESSIVE;
				GCC_WARN_UNUSED_FUNCTION = YES;
				GCC_WARN_UNUSED_VARIABLE = YES;
				MTL_ENABLE_DEBUG_INFO = NO;
				SDKROOT = appletvos;
				SWIFT_COMPILATION_MODE = wholemodule;
				SWIFT_OPTIMIZATION_LEVEL = "-O";
				TARGETED_DEVICE_FAMILY = 3;
				TVOS_DEPLOYMENT_TARGET = 10.0;
				VALIDATE_PRODUCT = YES;
			};
			name = Release;
		};
		69ACB9B11E9A87FF00A2F8CF /* Debug */ = {
			isa = XCBuildConfiguration;
			buildSettings = {
				ASSETCATALOG_COMPILER_APPICON_NAME = "App Icon & Top Shelf Image";
				ASSETCATALOG_COMPILER_LAUNCHIMAGE_NAME = LaunchImage;
				DEVELOPMENT_TEAM = "";
				FRAMEWORK_SEARCH_PATHS = (
					"$(inherited)",
					"$(PROJECT_DIR)/Carthage/Build/tvOS",
				);
				INFOPLIST_FILE = "hello-tvos/Info.plist";
				LD_RUNPATH_SEARCH_PATHS = (
					"$(inherited)",
					"@executable_path/Frameworks",
				);
				PRODUCT_BUNDLE_IDENTIFIER = "com.launchdarkly.hello-tvos";
				PRODUCT_NAME = "$(TARGET_NAME)";
				SWIFT_OBJC_BRIDGING_HEADER = "";
				SWIFT_SWIFT3_OBJC_INFERENCE = Default;
				SWIFT_VERSION = 5.0;
			};
			name = Debug;
		};
		69ACB9B21E9A87FF00A2F8CF /* Release */ = {
			isa = XCBuildConfiguration;
			buildSettings = {
				ASSETCATALOG_COMPILER_APPICON_NAME = "App Icon & Top Shelf Image";
				ASSETCATALOG_COMPILER_LAUNCHIMAGE_NAME = LaunchImage;
				DEVELOPMENT_TEAM = "";
				FRAMEWORK_SEARCH_PATHS = (
					"$(inherited)",
					"$(PROJECT_DIR)/Carthage/Build/tvOS",
				);
				INFOPLIST_FILE = "hello-tvos/Info.plist";
				LD_RUNPATH_SEARCH_PATHS = (
					"$(inherited)",
					"@executable_path/Frameworks",
				);
				PRODUCT_BUNDLE_IDENTIFIER = "com.launchdarkly.hello-tvos";
				PRODUCT_NAME = "$(TARGET_NAME)";
				SWIFT_OBJC_BRIDGING_HEADER = "";
				SWIFT_SWIFT3_OBJC_INFERENCE = Default;
				SWIFT_VERSION = 5.0;
			};
			name = Release;
		};
/* End XCBuildConfiguration section */

/* Begin XCConfigurationList section */
		69ACB9911E9A87FE00A2F8CF /* Build configuration list for PBXProject "hello-tvos" */ = {
			isa = XCConfigurationList;
			buildConfigurations = (
				69ACB9AE1E9A87FF00A2F8CF /* Debug */,
				69ACB9AF1E9A87FF00A2F8CF /* Release */,
			);
			defaultConfigurationIsVisible = 0;
			defaultConfigurationName = Release;
		};
		69ACB9B01E9A87FF00A2F8CF /* Build configuration list for PBXNativeTarget "hello-tvos" */ = {
			isa = XCConfigurationList;
			buildConfigurations = (
				69ACB9B11E9A87FF00A2F8CF /* Debug */,
				69ACB9B21E9A87FF00A2F8CF /* Release */,
			);
			defaultConfigurationIsVisible = 0;
			defaultConfigurationName = Release;
		};
/* End XCConfigurationList section */
	};
	rootObject = 69ACB98E1E9A87FE00A2F8CF /* Project object */;
}
